
Microsoft Visual Studio Solution File, Format Version 12.00
# Visual Studio 15
VisualStudioVersion = 15.0.28010.2019
MinimumVisualStudioVersion = 10.0.40219.1
Project("{FAE04EC0-301F-11D3-BF4B-00C04F79EFBC}") = "Omega", "Omega\Omega.csproj", "{5FF03318-6A55-4B78-A95C-66FA63D76EEF}"
EndProject
Global
	GlobalSection(SolutionConfigurationPlatforms) = preSolution
		Debug|Any CPU = Debug|Any CPU
		Release|Any CPU = Release|Any CPU
	EndGlobalSection
	GlobalSection(ProjectConfigurationPlatforms) = postSolution
		{5FF03318-6A55-4B78-A95C-66FA63D76EEF}.Debug|Any CPU.ActiveCfg = Debug|Any CPU
		{5FF03318-6A55-4B78-A95C-66FA63D76EEF}.Debug|Any CPU.Build.0 = Debug|Any CPU
		{5FF03318-6A55-4B78-A95C-66FA63D76EEF}.Release|Any CPU.ActiveCfg = Release|Any CPU
		{5FF03318-6A55-4B78-A95C-66FA63D76EEF}.Release|Any CPU.Build.0 = Release|Any CPU
	EndGlobalSection
	GlobalSection(SolutionProperties) = preSolution
		HideSolutionNode = FALSE
	EndGlobalSection
	GlobalSection(ExtensibilityGlobals) = postSolution
		SolutionGuid = {563FEA13-2A2D-445E-8D56-EA3F2065C528}
	EndGlobalSection
EndGlobal
